// !$*UTF8*$!
{
	archiveVersion = 1;
	classes = {
	};
	objectVersion = 46;
	objects = {

/* Begin PBXBuildFile section */
		F1303ECB18FE1F4100328A2F /* AstronomicalData.m in Sources */ = {isa = PBXBuildFile; fileRef = F1303EC918FE1F4100328A2F /* AstronomicalData.m */; };
		F1303F1A1901BEB600328A2F /* Earth.jpg in Resources */ = {isa = PBXBuildFile; fileRef = F1303F101901BEB600328A2F /* Earth.jpg */; };
		F1303F1B1901BEB600328A2F /* EinsteinRing.jpg in Resources */ = {isa = PBXBuildFile; fileRef = F1303F111901BEB600328A2F /* EinsteinRing.jpg */; };
		F1303F1C1901BEB600328A2F /* Jupiter.jpg in Resources */ = {isa = PBXBuildFile; fileRef = F1303F121901BEB600328A2F /* Jupiter.jpg */; };
		F1303F1D1901BEB600328A2F /* Mars.jpg in Resources */ = {isa = PBXBuildFile; fileRef = F1303F131901BEB600328A2F /* Mars.jpg */; };
		F1303F1E1901BEB600328A2F /* Mercury.jpg in Resources */ = {isa = PBXBuildFile; fileRef = F1303F141901BEB600328A2F /* Mercury.jpg */; };
		F1303F1F1901BEB600328A2F /* Neptune.jpg in Resources */ = {isa = PBXBuildFile; fileRef = F1303F151901BEB600328A2F /* Neptune.jpg */; };
		F1303F201901BEB600328A2F /* Orion.jpg in Resources */ = {isa = PBXBuildFile; fileRef = F1303F161901BEB600328A2F /* Orion.jpg */; };
		F1303F211901BEB600328A2F /* Saturn.jpg in Resources */ = {isa = PBXBuildFile; fileRef = F1303F171901BEB600328A2F /* Saturn.jpg */; };
		F1303F221901BEB600328A2F /* Uranus.jpg in Resources */ = {isa = PBXBuildFile; fileRef = F1303F181901BEB600328A2F /* Uranus.jpg */; };
		F1303F231901BEB600328A2F /* Venus.jpg in Resources */ = {isa = PBXBuildFile; fileRef = F1303F191901BEB600328A2F /* Venus.jpg */; };
		F1303F261901BF0500328A2F /* CKSpaceObject.m in Sources */ = {isa = PBXBuildFile; fileRef = F1303F251901BF0500328A2F /* CKSpaceObject.m */; };
		F173736D19084CDE007839E1 /* CKSpaceDataViewController.m in Sources */ = {isa = PBXBuildFile; fileRef = F173736C19084CDE007839E1 /* CKSpaceDataViewController.m */; };
		F1D0B57A18F4DEFA0099E8ED /* Foundation.framework in Frameworks */ = {isa = PBXBuildFile; fileRef = F1D0B57918F4DEFA0099E8ED /* Foundation.framework */; };
		F1D0B57C18F4DEFA0099E8ED /* CoreGraphics.framework in Frameworks */ = {isa = PBXBuildFile; fileRef = F1D0B57B18F4DEFA0099E8ED /* CoreGraphics.framework */; };
		F1D0B57E18F4DEFA0099E8ED /* UIKit.framework in Frameworks */ = {isa = PBXBuildFile; fileRef = F1D0B57D18F4DEFA0099E8ED /* UIKit.framework */; };
		F1D0B58418F4DEFA0099E8ED /* InfoPlist.strings in Resources */ = {isa = PBXBuildFile; fileRef = F1D0B58218F4DEFA0099E8ED /* InfoPlist.strings */; };
		F1D0B58618F4DEFA0099E8ED /* main.m in Sources */ = {isa = PBXBuildFile; fileRef = F1D0B58518F4DEFA0099E8ED /* main.m */; };
		F1D0B58A18F4DEFA0099E8ED /* CKAppDelegate.m in Sources */ = {isa = PBXBuildFile; fileRef = F1D0B58918F4DEFA0099E8ED /* CKAppDelegate.m */; };
		F1D0B58D18F4DEFA0099E8ED /* Main.storyboard in Resources */ = {isa = PBXBuildFile; fileRef = F1D0B58B18F4DEFA0099E8ED /* Main.storyboard */; };
		F1D0B59218F4DEFA0099E8ED /* Images.xcassets in Resources */ = {isa = PBXBuildFile; fileRef = F1D0B59118F4DEFA0099E8ED /* Images.xcassets */; };
		F1D0B59918F4DEFA0099E8ED /* XCTest.framework in Frameworks */ = {isa = PBXBuildFile; fileRef = F1D0B59818F4DEFA0099E8ED /* XCTest.framework */; };
		F1D0B59A18F4DEFA0099E8ED /* Foundation.framework in Frameworks */ = {isa = PBXBuildFile; fileRef = F1D0B57918F4DEFA0099E8ED /* Foundation.framework */; };
		F1D0B59B18F4DEFA0099E8ED /* UIKit.framework in Frameworks */ = {isa = PBXBuildFile; fileRef = F1D0B57D18F4DEFA0099E8ED /* UIKit.framework */; };
		F1D0B5A318F4DEFA0099E8ED /* InfoPlist.strings in Resources */ = {isa = PBXBuildFile; fileRef = F1D0B5A118F4DEFA0099E8ED /* InfoPlist.strings */; };
		F1D0B5A518F4DEFA0099E8ED /* Out_of_this_WorldTests.m in Sources */ = {isa = PBXBuildFile; fileRef = F1D0B5A418F4DEFA0099E8ED /* Out_of_this_WorldTests.m */; };
		F1D0B5B018F4E0060099E8ED /* CKOuterSpaceTableViewController.m in Sources */ = {isa = PBXBuildFile; fileRef = F1D0B5AF18F4E0060099E8ED /* CKOuterSpaceTableViewController.m */; };
		F1E14B0D1901FEBD009DD11A /* CKSpaceImageViewController.m in Sources */ = {isa = PBXBuildFile; fileRef = F1E14B0C1901FEBD009DD11A /* CKSpaceImageViewController.m */; };
/* End PBXBuildFile section */

/* Begin PBXContainerItemProxy section */
		F1D0B59C18F4DEFA0099E8ED /* PBXContainerItemProxy */ = {
			isa = PBXContainerItemProxy;
			containerPortal = F1D0B56E18F4DEFA0099E8ED /* Project object */;
			proxyType = 1;
			remoteGlobalIDString = F1D0B57518F4DEFA0099E8ED;
			remoteInfo = "Out of this World";
		};
/* End PBXContainerItemProxy section */

/* Begin PBXFileReference section */
		F1303EC918FE1F4100328A2F /* AstronomicalData.m */ = {isa = PBXFileReference; fileEncoding = 4; lastKnownFileType = sourcecode.c.objc; path = AstronomicalData.m; sourceTree = "<group>"; };
		F1303ECA18FE1F4100328A2F /* AstronomicalData.h */ = {isa = PBXFileReference; fileEncoding = 4; lastKnownFileType = sourcecode.c.h; path = AstronomicalData.h; sourceTree = "<group>"; };
		F1303F101901BEB600328A2F /* Earth.jpg */ = {isa = PBXFileReference; lastKnownFileType = image.jpeg; path = Earth.jpg; sourceTree = "<group>"; };
		F1303F111901BEB600328A2F /* EinsteinRing.jpg */ = {isa = PBXFileReference; lastKnownFileType = image.jpeg; path = EinsteinRing.jpg; sourceTree = "<group>"; };
		F1303F121901BEB600328A2F /* Jupiter.jpg */ = {isa = PBXFileReference; lastKnownFileType = image.jpeg; path = Jupiter.jpg; sourceTree = "<group>"; };
		F1303F131901BEB600328A2F /* Mars.jpg */ = {isa = PBXFileReference; lastKnownFileType = image.jpeg; path = Mars.jpg; sourceTree = "<group>"; };
		F1303F141901BEB600328A2F /* Mercury.jpg */ = {isa = PBXFileReference; lastKnownFileType = image.jpeg; path = Mercury.jpg; sourceTree = "<group>"; };
		F1303F151901BEB600328A2F /* Neptune.jpg */ = {isa = PBXFileReference; lastKnownFileType = image.jpeg; path = Neptune.jpg; sourceTree = "<group>"; };
		F1303F161901BEB600328A2F /* Orion.jpg */ = {isa = PBXFileReference; lastKnownFileType = image.jpeg; path = Orion.jpg; sourceTree = "<group>"; };
		F1303F171901BEB600328A2F /* Saturn.jpg */ = {isa = PBXFileReference; lastKnownFileType = image.jpeg; path = Saturn.jpg; sourceTree = "<group>"; };
		F1303F181901BEB600328A2F /* Uranus.jpg */ = {isa = PBXFileReference; lastKnownFileType = image.jpeg; path = Uranus.jpg; sourceTree = "<group>"; };
		F1303F191901BEB600328A2F /* Venus.jpg */ = {isa = PBXFileReference; lastKnownFileType = image.jpeg; path = Venus.jpg; sourceTree = "<group>"; };
		F1303F241901BF0500328A2F /* CKSpaceObject.h */ = {isa = PBXFileReference; fileEncoding = 4; lastKnownFileType = sourcecode.c.h; path = CKSpaceObject.h; sourceTree = "<group>"; };
		F1303F251901BF0500328A2F /* CKSpaceObject.m */ = {isa = PBXFileReference; fileEncoding = 4; lastKnownFileType = sourcecode.c.objc; path = CKSpaceObject.m; sourceTree = "<group>"; };
		F173736B19084CDE007839E1 /* CKSpaceDataViewController.h */ = {isa = PBXFileReference; fileEncoding = 4; lastKnownFileType = sourcecode.c.h; path = CKSpaceDataViewController.h; sourceTree = "<group>"; };
		F173736C19084CDE007839E1 /* CKSpaceDataViewController.m */ = {isa = PBXFileReference; fileEncoding = 4; lastKnownFileType = sourcecode.c.objc; path = CKSpaceDataViewController.m; sourceTree = "<group>"; };
		F1D0B57618F4DEFA0099E8ED /* Out of this World.app */ = {isa = PBXFileReference; explicitFileType = wrapper.application; includeInIndex = 0; path = "Out of this World.app"; sourceTree = BUILT_PRODUCTS_DIR; };
		F1D0B57918F4DEFA0099E8ED /* Foundation.framework */ = {isa = PBXFileReference; lastKnownFileType = wrapper.framework; name = Foundation.framework; path = System/Library/Frameworks/Foundation.framework; sourceTree = SDKROOT; };
		F1D0B57B18F4DEFA0099E8ED /* CoreGraphics.framework */ = {isa = PBXFileReference; lastKnownFileType = wrapper.framework; name = CoreGraphics.framework; path = System/Library/Frameworks/CoreGraphics.framework; sourceTree = SDKROOT; };
		F1D0B57D18F4DEFA0099E8ED /* UIKit.framework */ = {isa = PBXFileReference; lastKnownFileType = wrapper.framework; name = UIKit.framework; path = System/Library/Frameworks/UIKit.framework; sourceTree = SDKROOT; };
		F1D0B58118F4DEFA0099E8ED /* Out of this World-Info.plist */ = {isa = PBXFileReference; lastKnownFileType = text.plist.xml; path = "Out of this World-Info.plist"; sourceTree = "<group>"; };
		F1D0B58318F4DEFA0099E8ED /* en */ = {isa = PBXFileReference; lastKnownFileType = text.plist.strings; name = en; path = en.lproj/InfoPlist.strings; sourceTree = "<group>"; };
		F1D0B58518F4DEFA0099E8ED /* main.m */ = {isa = PBXFileReference; lastKnownFileType = sourcecode.c.objc; path = main.m; sourceTree = "<group>"; };
		F1D0B58718F4DEFA0099E8ED /* Out of this World-Prefix.pch */ = {isa = PBXFileReference; lastKnownFileType = sourcecode.c.h; path = "Out of this World-Prefix.pch"; sourceTree = "<group>"; };
		F1D0B58818F4DEFA0099E8ED /* CKAppDelegate.h */ = {isa = PBXFileReference; lastKnownFileType = sourcecode.c.h; path = CKAppDelegate.h; sourceTree = "<group>"; };
		F1D0B58918F4DEFA0099E8ED /* CKAppDelegate.m */ = {isa = PBXFileReference; lastKnownFileType = sourcecode.c.objc; path = CKAppDelegate.m; sourceTree = "<group>"; };
		F1D0B58C18F4DEFA0099E8ED /* Base */ = {isa = PBXFileReference; lastKnownFileType = file.storyboard; name = Base; path = Base.lproj/Main.storyboard; sourceTree = "<group>"; };
		F1D0B59118F4DEFA0099E8ED /* Images.xcassets */ = {isa = PBXFileReference; lastKnownFileType = folder.assetcatalog; path = Images.xcassets; sourceTree = "<group>"; };
		F1D0B59718F4DEFA0099E8ED /* Out of this WorldTests.xctest */ = {isa = PBXFileReference; explicitFileType = wrapper.cfbundle; includeInIndex = 0; path = "Out of this WorldTests.xctest"; sourceTree = BUILT_PRODUCTS_DIR; };
		F1D0B59818F4DEFA0099E8ED /* XCTest.framework */ = {isa = PBXFileReference; lastKnownFileType = wrapper.framework; name = XCTest.framework; path = Library/Frameworks/XCTest.framework; sourceTree = DEVELOPER_DIR; };
		F1D0B5A018F4DEFA0099E8ED /* Out of this WorldTests-Info.plist */ = {isa = PBXFileReference; lastKnownFileType = text.plist.xml; path = "Out of this WorldTests-Info.plist"; sourceTree = "<group>"; };
		F1D0B5A218F4DEFA0099E8ED /* en */ = {isa = PBXFileReference; lastKnownFileType = text.plist.strings; name = en; path = en.lproj/InfoPlist.strings; sourceTree = "<group>"; };
		F1D0B5A418F4DEFA0099E8ED /* Out_of_this_WorldTests.m */ = {isa = PBXFileReference; lastKnownFileType = sourcecode.c.objc; path = Out_of_this_WorldTests.m; sourceTree = "<group>"; };
		F1D0B5AE18F4E0060099E8ED /* CKOuterSpaceTableViewController.h */ = {isa = PBXFileReference; fileEncoding = 4; lastKnownFileType = sourcecode.c.h; name = CKOuterSpaceTableViewController.h; path = ../CKOuterSpaceTableViewController.h; sourceTree = "<group>"; };
		F1D0B5AF18F4E0060099E8ED /* CKOuterSpaceTableViewController.m */ = {isa = PBXFileReference; fileEncoding = 4; lastKnownFileType = sourcecode.c.objc; name = CKOuterSpaceTableViewController.m; path = ../CKOuterSpaceTableViewController.m; sourceTree = "<group>"; };
		F1E14B0B1901FEBD009DD11A /* CKSpaceImageViewController.h */ = {isa = PBXFileReference; fileEncoding = 4; lastKnownFileType = sourcecode.c.h; path = CKSpaceImageViewController.h; sourceTree = "<group>"; };
		F1E14B0C1901FEBD009DD11A /* CKSpaceImageViewController.m */ = {isa = PBXFileReference; fileEncoding = 4; lastKnownFileType = sourcecode.c.objc; path = CKSpaceImageViewController.m; sourceTree = "<group>"; };
/* End PBXFileReference section */

/* Begin PBXFrameworksBuildPhase section */
		F1D0B57318F4DEFA0099E8ED /* Frameworks */ = {
			isa = PBXFrameworksBuildPhase;
			buildActionMask = 2147483647;
			files = (
				F1D0B57C18F4DEFA0099E8ED /* CoreGraphics.framework in Frameworks */,
				F1D0B57E18F4DEFA0099E8ED /* UIKit.framework in Frameworks */,
				F1D0B57A18F4DEFA0099E8ED /* Foundation.framework in Frameworks */,
			);
			runOnlyForDeploymentPostprocessing = 0;
		};
		F1D0B59418F4DEFA0099E8ED /* Frameworks */ = {
			isa = PBXFrameworksBuildPhase;
			buildActionMask = 2147483647;
			files = (
				F1D0B59918F4DEFA0099E8ED /* XCTest.framework in Frameworks */,
				F1D0B59B18F4DEFA0099E8ED /* UIKit.framework in Frameworks */,
				F1D0B59A18F4DEFA0099E8ED /* Foundation.framework in Frameworks */,
			);
			runOnlyForDeploymentPostprocessing = 0;
		};
/* End PBXFrameworksBuildPhase section */

/* Begin PBXGroup section */
		F1D0B56D18F4DEFA0099E8ED = {
			isa = PBXGroup;
			children = (
				F1D0B57F18F4DEFA0099E8ED /* Out of this World */,
				F1D0B59E18F4DEFA0099E8ED /* Out of this WorldTests */,
				F1D0B57818F4DEFA0099E8ED /* Frameworks */,
				F1D0B57718F4DEFA0099E8ED /* Products */,
			);
			sourceTree = "<group>";
		};
		F1D0B57718F4DEFA0099E8ED /* Products */ = {
			isa = PBXGroup;
			children = (
				F1D0B57618F4DEFA0099E8ED /* Out of this World.app */,
				F1D0B59718F4DEFA0099E8ED /* Out of this WorldTests.xctest */,
			);
			name = Products;
			sourceTree = "<group>";
		};
		F1D0B57818F4DEFA0099E8ED /* Frameworks */ = {
			isa = PBXGroup;
			children = (
				F1D0B57918F4DEFA0099E8ED /* Foundation.framework */,
				F1D0B57B18F4DEFA0099E8ED /* CoreGraphics.framework */,
				F1D0B57D18F4DEFA0099E8ED /* UIKit.framework */,
				F1D0B59818F4DEFA0099E8ED /* XCTest.framework */,
			);
			name = Frameworks;
			sourceTree = "<group>";
		};
		F1D0B57F18F4DEFA0099E8ED /* Out of this World */ = {
			isa = PBXGroup;
			children = (
				F1D0B58818F4DEFA0099E8ED /* CKAppDelegate.h */,
				F1D0B58918F4DEFA0099E8ED /* CKAppDelegate.m */,
				F1D0B58B18F4DEFA0099E8ED /* Main.storyboard */,
				F1D0B5AE18F4E0060099E8ED /* CKOuterSpaceTableViewController.h */,
				F1D0B5AF18F4E0060099E8ED /* CKOuterSpaceTableViewController.m */,
				F1E14B0B1901FEBD009DD11A /* CKSpaceImageViewController.h */,
				F1E14B0C1901FEBD009DD11A /* CKSpaceImageViewController.m */,
				F173736B19084CDE007839E1 /* CKSpaceDataViewController.h */,
				F173736C19084CDE007839E1 /* CKSpaceDataViewController.m */,
				F1303F241901BF0500328A2F /* CKSpaceObject.h */,
				F1303F251901BF0500328A2F /* CKSpaceObject.m */,
				F1D0B59118F4DEFA0099E8ED /* Images.xcassets */,
				F1D0B58018F4DEFA0099E8ED /* Supporting Files */,
			);
			path = "Out of this World";
			sourceTree = "<group>";
		};
		F1D0B58018F4DEFA0099E8ED /* Supporting Files */ = {
			isa = PBXGroup;
			children = (
				F1303F101901BEB600328A2F /* Earth.jpg */,
				F1303F111901BEB600328A2F /* EinsteinRing.jpg */,
				F1303F121901BEB600328A2F /* Jupiter.jpg */,
				F1303F131901BEB600328A2F /* Mars.jpg */,
				F1303F141901BEB600328A2F /* Mercury.jpg */,
				F1303F151901BEB600328A2F /* Neptune.jpg */,
				F1303F161901BEB600328A2F /* Orion.jpg */,
				F1303F171901BEB600328A2F /* Saturn.jpg */,
				F1303F181901BEB600328A2F /* Uranus.jpg */,
				F1303F191901BEB600328A2F /* Venus.jpg */,
				F1303ECA18FE1F4100328A2F /* AstronomicalData.h */,
				F1303EC918FE1F4100328A2F /* AstronomicalData.m */,
				F1D0B58118F4DEFA0099E8ED /* Out of this World-Info.plist */,
				F1D0B58218F4DEFA0099E8ED /* InfoPlist.strings */,
				F1D0B58518F4DEFA0099E8ED /* main.m */,
				F1D0B58718F4DEFA0099E8ED /* Out of this World-Prefix.pch */,
			);
			name = "Supporting Files";
			sourceTree = "<group>";
		};
		F1D0B59E18F4DEFA0099E8ED /* Out of this WorldTests */ = {
			isa = PBXGroup;
			children = (
				F1D0B5A418F4DEFA0099E8ED /* Out_of_this_WorldTests.m */,
				F1D0B59F18F4DEFA0099E8ED /* Supporting Files */,
			);
			path = "Out of this WorldTests";
			sourceTree = "<group>";
		};
		F1D0B59F18F4DEFA0099E8ED /* Supporting Files */ = {
			isa = PBXGroup;
			children = (
				F1D0B5A018F4DEFA0099E8ED /* Out of this WorldTests-Info.plist */,
				F1D0B5A118F4DEFA0099E8ED /* InfoPlist.strings */,
			);
			name = "Supporting Files";
			sourceTree = "<group>";
		};
/* End PBXGroup section */

/* Begin PBXNativeTarget section */
		F1D0B57518F4DEFA0099E8ED /* Out of this World */ = {
			isa = PBXNativeTarget;
			buildConfigurationList = F1D0B5A818F4DEFA0099E8ED /* Build configuration list for PBXNativeTarget "Out of this World" */;
			buildPhases = (
				F1D0B57218F4DEFA0099E8ED /* Sources */,
				F1D0B57318F4DEFA0099E8ED /* Frameworks */,
				F1D0B57418F4DEFA0099E8ED /* Resources */,
			);
			buildRules = (
			);
			dependencies = (
			);
			name = "Out of this World";
			productName = "Out of this World";
			productReference = F1D0B57618F4DEFA0099E8ED /* Out of this World.app */;
			productType = "com.apple.product-type.application";
		};
		F1D0B59618F4DEFA0099E8ED /* Out of this WorldTests */ = {
			isa = PBXNativeTarget;
			buildConfigurationList = F1D0B5AB18F4DEFA0099E8ED /* Build configuration list for PBXNativeTarget "Out of this WorldTests" */;
			buildPhases = (
				F1D0B59318F4DEFA0099E8ED /* Sources */,
				F1D0B59418F4DEFA0099E8ED /* Frameworks */,
				F1D0B59518F4DEFA0099E8ED /* Resources */,
			);
			buildRules = (
			);
			dependencies = (
				F1D0B59D18F4DEFA0099E8ED /* PBXTargetDependency */,
			);
			name = "Out of this WorldTests";
			productName = "Out of this WorldTests";
			productReference = F1D0B59718F4DEFA0099E8ED /* Out of this WorldTests.xctest */;
			productType = "com.apple.product-type.bundle.unit-test";
		};
/* End PBXNativeTarget section */

/* Begin PBXProject section */
		F1D0B56E18F4DEFA0099E8ED /* Project object */ = {
			isa = PBXProject;
			attributes = {
				CLASSPREFIX = CK;
				LastUpgradeCheck = 0510;
				ORGANIZATIONNAME = "Cutie Killer Apps";
				TargetAttributes = {
					F1D0B59618F4DEFA0099E8ED = {
						TestTargetID = F1D0B57518F4DEFA0099E8ED;
					};
				};
			};
			buildConfigurationList = F1D0B57118F4DEFA0099E8ED /* Build configuration list for PBXProject "Out of this World" */;
			compatibilityVersion = "Xcode 3.2";
			developmentRegion = English;
			hasScannedForEncodings = 0;
			knownRegions = (
				en,
				Base,
			);
			mainGroup = F1D0B56D18F4DEFA0099E8ED;
			productRefGroup = F1D0B57718F4DEFA0099E8ED /* Products */;
			projectDirPath = "";
			projectRoot = "";
			targets = (
				F1D0B57518F4DEFA0099E8ED /* Out of this World */,
				F1D0B59618F4DEFA0099E8ED /* Out of this WorldTests */,
			);
		};
/* End PBXProject section */

/* Begin PBXResourcesBuildPhase section */
		F1D0B57418F4DEFA0099E8ED /* Resources */ = {
			isa = PBXResourcesBuildPhase;
			buildActionMask = 2147483647;
			files = (
				F1303F1A1901BEB600328A2F /* Earth.jpg in Resources */,
				F1303F231901BEB600328A2F /* Venus.jpg in Resources */,
				F1303F1E1901BEB600328A2F /* Mercury.jpg in Resources */,
				F1303F211901BEB600328A2F /* Saturn.jpg in Resources */,
				F1303F221901BEB600328A2F /* Uranus.jpg in Resources */,
				F1D0B59218F4DEFA0099E8ED /* Images.xcassets in Resources */,
				F1303F1F1901BEB600328A2F /* Neptune.jpg in Resources */,
				F1303F1D1901BEB600328A2F /* Mars.jpg in Resources */,
				F1D0B58418F4DEFA0099E8ED /* InfoPlist.strings in Resources */,
				F1D0B58D18F4DEFA0099E8ED /* Main.storyboard in Resources */,
				F1303F1B1901BEB600328A2F /* EinsteinRing.jpg in Resources */,
				F1303F1C1901BEB600328A2F /* Jupiter.jpg in Resources */,
				F1303F201901BEB600328A2F /* Orion.jpg in Resources */,
			);
			runOnlyForDeploymentPostprocessing = 0;
		};
		F1D0B59518F4DEFA0099E8ED /* Resources */ = {
			isa = PBXResourcesBuildPhase;
			buildActionMask = 2147483647;
			files = (
				F1D0B5A318F4DEFA0099E8ED /* InfoPlist.strings in Resources */,
			);
			runOnlyForDeploymentPostprocessing = 0;
		};
/* End PBXResourcesBuildPhase section */

/* Begin PBXSourcesBuildPhase section */
		F1D0B57218F4DEFA0099E8ED /* Sources */ = {
			isa = PBXSourcesBuildPhase;
			buildActionMask = 2147483647;
			files = (
				F1D0B5B018F4E0060099E8ED /* CKOuterSpaceTableViewController.m in Sources */,
				F1E14B0D1901FEBD009DD11A /* CKSpaceImageViewController.m in Sources */,
				F173736D19084CDE007839E1 /* CKSpaceDataViewController.m in Sources */,
				F1D0B58A18F4DEFA0099E8ED /* CKAppDelegate.m in Sources */,
				F1D0B58618F4DEFA0099E8ED /* main.m in Sources */,
				F1303F261901BF0500328A2F /* CKSpaceObject.m in Sources */,
				F1303ECB18FE1F4100328A2F /* AstronomicalData.m in Sources */,
			);
			runOnlyForDeploymentPostprocessing = 0;
		};
		F1D0B59318F4DEFA0099E8ED /* Sources */ = {
			isa = PBXSourcesBuildPhase;
			buildActionMask = 2147483647;
			files = (
				F1D0B5A518F4DEFA0099E8ED /* Out_of_this_WorldTests.m in Sources */,
			);
			runOnlyForDeploymentPostprocessing = 0;
		};
/* End PBXSourcesBuildPhase section */

/* Begin PBXTargetDependency section */
		F1D0B59D18F4DEFA0099E8ED /* PBXTargetDependency */ = {
			isa = PBXTargetDependency;
			target = F1D0B57518F4DEFA0099E8ED /* Out of this World */;
			targetProxy = F1D0B59C18F4DEFA0099E8ED /* PBXContainerItemProxy */;
		};
/* End PBXTargetDependency section */

/* Begin PBXVariantGroup section */
		F1D0B58218F4DEFA0099E8ED /* InfoPlist.strings */ = {
			isa = PBXVariantGroup;
			children = (
				F1D0B58318F4DEFA0099E8ED /* en */,
			);
			name = InfoPlist.strings;
			sourceTree = "<group>";
		};
		F1D0B58B18F4DEFA0099E8ED /* Main.storyboard */ = {
			isa = PBXVariantGroup;
			children = (
				F1D0B58C18F4DEFA0099E8ED /* Base */,
			);
			name = Main.storyboard;
			sourceTree = "<group>";
		};
		F1D0B5A118F4DEFA0099E8ED /* InfoPlist.strings */ = {
			isa = PBXVariantGroup;
			children = (
				F1D0B5A218F4DEFA0099E8ED /* en */,
			);
			name = InfoPlist.strings;
			sourceTree = "<group>";
		};
/* End PBXVariantGroup section */

/* Begin XCBuildConfiguration section */
		F1D0B5A618F4DEFA0099E8ED /* Debug */ = {
			isa = XCBuildConfiguration;
			buildSettings = {
				ALWAYS_SEARCH_USER_PATHS = NO;
				CLANG_CXX_LANGUAGE_STANDARD = "gnu++0x";
				CLANG_CXX_LIBRARY = "libc++";
				CLANG_ENABLE_MODULES = YES;
				CLANG_ENABLE_OBJC_ARC = YES;
				CLANG_WARN_BOOL_CONVERSION = YES;
				CLANG_WARN_CONSTANT_CONVERSION = YES;
				CLANG_WARN_DIRECT_OBJC_ISA_USAGE = YES_ERROR;
				CLANG_WARN_EMPTY_BODY = YES;
				CLANG_WARN_ENUM_CONVERSION = YES;
				CLANG_WARN_INT_CONVERSION = YES;
				CLANG_WARN_OBJC_ROOT_CLASS = YES_ERROR;
				CLANG_WARN__DUPLICATE_METHOD_MATCH = YES;
				"CODE_SIGN_IDENTITY[sdk=iphoneos*]" = "iPhone Developer";
				COPY_PHASE_STRIP = NO;
				GCC_C_LANGUAGE_STANDARD = gnu99;
				GCC_DYNAMIC_NO_PIC = NO;
				GCC_OPTIMIZATION_LEVEL = 0;
				GCC_PREPROCESSOR_DEFINITIONS = (
					"DEBUG=1",
					"$(inherited)",
				);
				GCC_SYMBOLS_PRIVATE_EXTERN = NO;
				GCC_WARN_64_TO_32_BIT_CONVERSION = YES;
				GCC_WARN_ABOUT_RETURN_TYPE = YES_ERROR;
				GCC_WARN_UNDECLARED_SELECTOR = YES;
				GCC_WARN_UNINITIALIZED_AUTOS = YES_AGGRESSIVE;
				GCC_WARN_UNUSED_FUNCTION = YES;
				GCC_WARN_UNUSED_VARIABLE = YES;
				IPHONEOS_DEPLOYMENT_TARGET = 7.1;
				ONLY_ACTIVE_ARCH = YES;
				SDKROOT = iphoneos;
			};
			name = Debug;
		};
		F1D0B5A718F4DEFA0099E8ED /* Release */ = {
			isa = XCBuildConfiguration;
			buildSettings = {
				ALWAYS_SEARCH_USER_PATHS = NO;
				CLANG_CXX_LANGUAGE_STANDARD = "gnu++0x";
				CLANG_CXX_LIBRARY = "libc++";
				CLANG_ENABLE_MODULES = YES;
				CLANG_ENABLE_OBJC_ARC = YES;
				CLANG_WARN_BOOL_CONVERSION = YES;
				CLANG_WARN_CONSTANT_CONVERSION = YES;
				CLANG_WARN_DIRECT_OBJC_ISA_USAGE = YES_ERROR;
				CLANG_WARN_EMPTY_BODY = YES;
				CLANG_WARN_ENUM_CONVERSION = YES;
				CLANG_WARN_INT_CONVERSION = YES;
				CLANG_WARN_OBJC_ROOT_CLASS = YES_ERROR;
				CLANG_WARN__DUPLICATE_METHOD_MATCH = YES;
				"CODE_SIGN_IDENTITY[sdk=iphoneos*]" = "iPhone Developer";
				COPY_PHASE_STRIP = YES;
				ENABLE_NS_ASSERTIONS = NO;
				GCC_C_LANGUAGE_STANDARD = gnu99;
				GCC_WARN_64_TO_32_BIT_CONVERSION = YES;
				GCC_WARN_ABOUT_RETURN_TYPE = YES_ERROR;
				GCC_WARN_UNDECLARED_SELECTOR = YES;
				GCC_WARN_UNINITIALIZED_AUTOS = YES_AGGRESSIVE;
				GCC_WARN_UNUSED_FUNCTION = YES;
				GCC_WARN_UNUSED_VARIABLE = YES;
				IPHONEOS_DEPLOYMENT_TARGET = 7.1;
				SDKROOT = iphoneos;
				VALIDATE_PRODUCT = YES;
			};
			name = Release;
		};
		F1D0B5A918F4DEFA0099E8ED /* Debug */ = {
			isa = XCBuildConfiguration;
			buildSettings = {
				ASSETCATALOG_COMPILER_APPICON_NAME = AppIcon;
				ASSETCATALOG_COMPILER_LAUNCHIMAGE_NAME = LaunchImage;
				GCC_PRECOMPILE_PREFIX_HEADER = YES;
				GCC_PREFIX_HEADER = "Out of this World/Out of this World-Prefix.pch";
				INFOPLIST_FILE = "Out of this World/Out of this World-Info.plist";
				PRODUCT_NAME = "$(TARGET_NAME)";
				WRAPPER_EXTENSION = app;
			};
			name = Debug;
		};
		F1D0B5AA18F4DEFA0099E8ED /* Release */ = {
			isa = XCBuildConfiguration;
			buildSettings = {
				ASSETCATALOG_COMPILER_APPICON_NAME = AppIcon;
				ASSETCATALOG_COMPILER_LAUNCHIMAGE_NAME = LaunchImage;
				GCC_PRECOMPILE_PREFIX_HEADER = YES;
				GCC_PREFIX_HEADER = "Out of this World/Out of this World-Prefix.pch";
				INFOPLIST_FILE = "Out of this World/Out of this World-Info.plist";
				PRODUCT_NAME = "$(TARGET_NAME)";
				WRAPPER_EXTENSION = app;
			};
			name = Release;
		};
		F1D0B5AC18F4DEFA0099E8ED /* Debug */ = {
			isa = XCBuildConfiguration;
			buildSettings = {
				BUNDLE_LOADER = "$(BUILT_PRODUCTS_DIR)/Out of this World.app/Out of this World";
				FRAMEWORK_SEARCH_PATHS = (
					"$(SDKROOT)/Developer/Library/Frameworks",
					"$(inherited)",
					"$(DEVELOPER_FRAMEWORKS_DIR)",
				);
				GCC_PRECOMPILE_PREFIX_HEADER = YES;
				GCC_PREFIX_HEADER = "Out of this World/Out of this World-Prefix.pch";
				GCC_PREPROCESSOR_DEFINITIONS = (
					"DEBUG=1",
					"$(inherited)",
				);
				INFOPLIST_FILE = "Out of this WorldTests/Out of this WorldTests-Info.plist";
				PRODUCT_NAME = "$(TARGET_NAME)";
				TEST_HOST = "$(BUNDLE_LOADER)";
				WRAPPER_EXTENSION = xctest;
			};
			name = Debug;
		};
		F1D0B5AD18F4DEFA0099E8ED /* Release */ = {
			isa = XCBuildConfiguration;
			buildSettings = {
				BUNDLE_LOADER = "$(BUILT_PRODUCTS_DIR)/Out of this World.app/Out of this World";
				FRAMEWORK_SEARCH_PATHS = (
					"$(SDKROOT)/Developer/Library/Frameworks",
					"$(inherited)",
					"$(DEVELOPER_FRAMEWORKS_DIR)",
				);
				GCC_PRECOMPILE_PREFIX_HEADER = YES;
				GCC_PREFIX_HEADER = "Out of this World/Out of this World-Prefix.pch";
				INFOPLIST_FILE = "Out of this WorldTests/Out of this WorldTests-Info.plist";
				PRODUCT_NAME = "$(TARGET_NAME)";
				TEST_HOST = "$(BUNDLE_LOADER)";
				WRAPPER_EXTENSION = xctest;
			};
			name = Release;
		};
/* End XCBuildConfiguration section */

/* Begin XCConfigurationList section */
		F1D0B57118F4DEFA0099E8ED /* Build configuration list for PBXProject "Out of this World" */ = {
			isa = XCConfigurationList;
			buildConfigurations = (
				F1D0B5A618F4DEFA0099E8ED /* Debug */,
				F1D0B5A718F4DEFA0099E8ED /* Release */,
			);
			defaultConfigurationIsVisible = 0;
			defaultConfigurationName = Release;
		};
		F1D0B5A818F4DEFA0099E8ED /* Build configuration list for PBXNativeTarget "Out of this World" */ = {
			isa = XCConfigurationList;
			buildConfigurations = (
				F1D0B5A918F4DEFA0099E8ED /* Debug */,
				F1D0B5AA18F4DEFA0099E8ED /* Release */,
			);
			defaultConfigurationIsVisible = 0;
			defaultConfigurationName = Release;
		};
		F1D0B5AB18F4DEFA0099E8ED /* Build configuration list for PBXNativeTarget "Out of this WorldTests" */ = {
			isa = XCConfigurationList;
			buildConfigurations = (
				F1D0B5AC18F4DEFA0099E8ED /* Debug */,
				F1D0B5AD18F4DEFA0099E8ED /* Release */,
			);
			defaultConfigurationIsVisible = 0;
			defaultConfigurationName = Release;
		};
/* End XCConfigurationList section */
	};
	rootObject = F1D0B56E18F4DEFA0099E8ED /* Project object */;
}
